# THIS IS AN AUTOGENERATED FILE. DO NOT EDIT THIS FILE DIRECTLY.
# yarn lockfile v1


"@types/node@^18.0.0":
  version "18.19.3"
  resolved "https://registry.yarnpkg.com/@types/node/-/node-18.19.3.tgz"
  integrity sha512-k5fggr14DwAytoA/t8rPrIz++lXK7/DqckthCmoZOKNsEbJkId4Z//BqgApXBUGrGddrigYa1oqheo/7YmW4g==

express@^4.18.0:
  version "4.18.2"
  resolved "https://registry.yarnpkg.com/express/-/express-4.18.2.tgz"
  integrity sha512-5/PsL6iGPdfQ/lKM1UuielYgv3BUoJfz1aUwU9vHZ+J7gyvwdQXFEBIEIaxeGf0GIcreATNyBExtalisDbuMg==

lodash@^4.17.21:
  version "4.17.21"
  resolved "https://registry.yarnpkg.com/lodash/-/lodash-4.17.21.tgz"
  integrity sha512-v2kDE0/fys6B+G9o5jxXz+O/9M+M0Kx6EpJbObiRW9TiYNLliYmNQJOgsQ18bgMarquo0VFP5LsEk+WOQKBA==

"my-local-pkg@file:../local":
  version "0.0.0"

"git-package@https://github.com/user/repo.git#main":
  version "1.0.0"
  resolved "https://github.com/user/repo.git#abc123"

typescript@^5.0.0, typescript@>=4.0.0:
  version "5.3.3"
  resolved "https://registry.yarnpkg.com/typescript/-/typescript-5.3.3.tgz"
  integrity sha512-pXWcraxM0uj8cMV5GenGqfYMj6M7SDB0e0WPViDxMUz2MRFKGPS3d2ykU/lAGTcg8LDN3kLWDgxT+bCNPOC7A==
